// !$*UTF8*$!
{
	archiveVersion = 1;
	classes = {
	};
	objectVersion = 46;
	objects = {

/* Begin PBXBuildFile section */
		1130FBBF17FC10E500E90A5C /* SDL2.framework in Frameworks */ = {isa = PBXBuildFile; fileRef = 1130FBBE17FC10E500E90A5C /* SDL2.framework */; };
		11B1AF9A1828CC40003B0EE3 /* SDL2_image.framework in Frameworks */ = {isa = PBXBuildFile; fileRef = 11B1AF991828CC40003B0EE3 /* SDL2_image.framework */; };
		11B8639A1805C982003FACE7 /* SDL2_ttf.framework in Frameworks */ = {isa = PBXBuildFile; fileRef = 11B863991805C982003FACE7 /* SDL2_ttf.framework */; };
		11B8639E1805DC56003FACE7 /* apa.png in Resources */ = {isa = PBXBuildFile; fileRef = 11B8639D1805DC56003FACE7 /* apa.png */; };
		11F2BBC81834AA3D00E2EF89 /* enemies.cpp in Sources */ = {isa = PBXBuildFile; fileRef = 11F2BBC01834AA3D00E2EF89 /* enemies.cpp */; };
		11F2BBC91834AA3D00E2EF89 /* game.cpp in Sources */ = {isa = PBXBuildFile; fileRef = 11F2BBC21834AA3D00E2EF89 /* game.cpp */; };
		11F2BBCA1834AA3D00E2EF89 /* level.cpp in Sources */ = {isa = PBXBuildFile; fileRef = 11F2BBC41834AA3D00E2EF89 /* level.cpp */; };
		11F2BBCB1834AA3D00E2EF89 /* main.cpp in Sources */ = {isa = PBXBuildFile; fileRef = 11F2BBC61834AA3D00E2EF89 /* main.cpp */; };
		11F2BBDA1834AA9C00E2EF89 /* apa.png in Resources */ = {isa = PBXBuildFile; fileRef = 11F2BBD11834AA9C00E2EF89 /* apa.png */; };
		11F2BBDB1834AA9C00E2EF89 /* bannan.png in Resources */ = {isa = PBXBuildFile; fileRef = 11F2BBD21834AA9C00E2EF89 /* bannan.png */; };
		11F2BBDC1834AA9C00E2EF89 /* bg.png in Resources */ = {isa = PBXBuildFile; fileRef = 11F2BBD31834AA9C00E2EF89 /* bg.png */; };
		11F2BBDD1834AA9C00E2EF89 /* bullet.png in Resources */ = {isa = PBXBuildFile; fileRef = 11F2BBD41834AA9C00E2EF89 /* bullet.png */; };
		11F2BBDE1834AA9C00E2EF89 /* col.png in Resources */ = {isa = PBXBuildFile; fileRef = 11F2BBD51834AA9C00E2EF89 /* col.png */; };
		11F2BBDF1834AA9C00E2EF89 /* moln red.png in Resources */ = {isa = PBXBuildFile; fileRef = 11F2BBD61834AA9C00E2EF89 /* moln red.png */; };
		11F2BBE01834AA9C00E2EF89 /* moln.png in Resources */ = {isa = PBXBuildFile; fileRef = 11F2BBD71834AA9C00E2EF89 /* moln.png */; };
		11F2BBE11834AA9C00E2EF89 /* OpenSans-Regular.ttf in Resources */ = {isa = PBXBuildFile; fileRef = 11F2BBD81834AA9C00E2EF89 /* OpenSans-Regular.ttf */; };
		11F2BBE21834AA9C00E2EF89 /* test.lvl in Resources */ = {isa = PBXBuildFile; fileRef = 11F2BBD91834AA9C00E2EF89 /* test.lvl */; };
		11F2BBF11834AC0500E2EF89 /* timer.cpp in Sources */ = {isa = PBXBuildFile; fileRef = 11F2BBEF1834AC0500E2EF89 /* timer.cpp */; };
/* End PBXBuildFile section */

/* Begin PBXContainerItemProxy section */
		111A2BC317FC0DAF00140E70 /* PBXContainerItemProxy */ = {
			isa = PBXContainerItemProxy;
			containerPortal = 111A2B9517FC0DAE00140E70 /* Project object */;
			proxyType = 1;
			remoteGlobalIDString = 111A2B9D17FC0DAE00140E70;
			remoteInfo = Apspelet;
		};
/* End PBXContainerItemProxy section */

/* Begin PBXFileReference section */
		111A2B9E17FC0DAE00140E70 /* Apspelet.app */ = {isa = PBXFileReference; explicitFileType = wrapper.application; includeInIndex = 0; path = Apspelet.app; sourceTree = BUILT_PRODUCTS_DIR; };
		111A2BBF17FC0DAF00140E70 /* ApspeletTests.octest */ = {isa = PBXFileReference; explicitFileType = wrapper.cfbundle; includeInIndex = 0; path = ApspeletTests.octest; sourceTree = BUILT_PRODUCTS_DIR; };
		1130FBBE17FC10E500E90A5C /* SDL2.framework */ = {isa = PBXFileReference; lastKnownFileType = wrapper.framework; name = SDL2.framework; path = ../../../../../Library/Frameworks/SDL2.framework; sourceTree = "<group>"; };
		11B1AF991828CC40003B0EE3 /* SDL2_image.framework */ = {isa = PBXFileReference; lastKnownFileType = wrapper.framework; name = SDL2_image.framework; path = ../../../../../Library/Frameworks/SDL2_image.framework; sourceTree = "<group>"; };
		11B863991805C982003FACE7 /* SDL2_ttf.framework */ = {isa = PBXFileReference; lastKnownFileType = wrapper.framework; name = SDL2_ttf.framework; path = /Library/Frameworks/SDL2_ttf.framework; sourceTree = "<absolute>"; };
		11B8639D1805DC56003FACE7 /* apa.png */ = {isa = PBXFileReference; lastKnownFileType = image.png; path = apa.png; sourceTree = "<group>"; };
		11F2BBBF1834AA3D00E2EF89 /* bullets.h */ = {isa = PBXFileReference; fileEncoding = 4; lastKnownFileType = sourcecode.c.h; name = bullets.h; path = src/bullets.h; sourceTree = SOURCE_ROOT; };
		11F2BBC01834AA3D00E2EF89 /* enemies.cpp */ = {isa = PBXFileReference; fileEncoding = 4; lastKnownFileType = sourcecode.cpp.cpp; name = enemies.cpp; path = src/enemies.cpp; sourceTree = SOURCE_ROOT; };
		11F2BBC11834AA3D00E2EF89 /* enemies.h */ = {isa = PBXFileReference; fileEncoding = 4; lastKnownFileType = sourcecode.c.h; name = enemies.h; path = src/enemies.h; sourceTree = SOURCE_ROOT; };
		11F2BBC21834AA3D00E2EF89 /* game.cpp */ = {isa = PBXFileReference; fileEncoding = 4; lastKnownFileType = sourcecode.cpp.cpp; name = game.cpp; path = src/game.cpp; sourceTree = SOURCE_ROOT; };
		11F2BBC31834AA3D00E2EF89 /* game.h */ = {isa = PBXFileReference; fileEncoding = 4; lastKnownFileType = sourcecode.c.h; name = game.h; path = src/game.h; sourceTree = SOURCE_ROOT; };
		11F2BBC41834AA3D00E2EF89 /* level.cpp */ = {isa = PBXFileReference; fileEncoding = 4; lastKnownFileType = sourcecode.cpp.cpp; name = level.cpp; path = src/level.cpp; sourceTree = SOURCE_ROOT; };
		11F2BBC51834AA3D00E2EF89 /* level.h */ = {isa = PBXFileReference; fileEncoding = 4; lastKnownFileType = sourcecode.c.h; name = level.h; path = src/level.h; sourceTree = SOURCE_ROOT; };
		11F2BBC61834AA3D00E2EF89 /* main.cpp */ = {isa = PBXFileReference; fileEncoding = 4; lastKnownFileType = sourcecode.cpp.cpp; name = main.cpp; path = src/main.cpp; sourceTree = SOURCE_ROOT; };
		11F2BBC71834AA3D00E2EF89 /* player.h */ = {isa = PBXFileReference; fileEncoding = 4; lastKnownFileType = sourcecode.c.h; name = player.h; path = src/player.h; sourceTree = SOURCE_ROOT; };
		11F2BBD11834AA9C00E2EF89 /* apa.png */ = {isa = PBXFileReference; lastKnownFileType = image.png; path = apa.png; sourceTree = "<group>"; };
		11F2BBD21834AA9C00E2EF89 /* bannan.png */ = {isa = PBXFileReference; lastKnownFileType = image.png; path = bannan.png; sourceTree = "<group>"; };
		11F2BBD31834AA9C00E2EF89 /* bg.png */ = {isa = PBXFileReference; lastKnownFileType = image.png; path = bg.png; sourceTree = "<group>"; };
		11F2BBD41834AA9C00E2EF89 /* bullet.png */ = {isa = PBXFileReference; lastKnownFileType = image.png; path = bullet.png; sourceTree = "<group>"; };
		11F2BBD51834AA9C00E2EF89 /* col.png */ = {isa = PBXFileReference; lastKnownFileType = image.png; path = col.png; sourceTree = "<group>"; };
		11F2BBD61834AA9C00E2EF89 /* moln red.png */ = {isa = PBXFileReference; lastKnownFileType = image.png; path = "moln red.png"; sourceTree = "<group>"; };
		11F2BBD71834AA9C00E2EF89 /* moln.png */ = {isa = PBXFileReference; lastKnownFileType = image.png; path = moln.png; sourceTree = "<group>"; };
		11F2BBD81834AA9C00E2EF89 /* OpenSans-Regular.ttf */ = {isa = PBXFileReference; lastKnownFileType = file; path = "OpenSans-Regular.ttf"; sourceTree = "<group>"; };
		11F2BBD91834AA9C00E2EF89 /* test.lvl */ = {isa = PBXFileReference; fileEncoding = 4; lastKnownFileType = text; path = test.lvl; sourceTree = "<group>"; };
		11F2BBEB1834AC0500E2EF89 /* globals.h */ = {isa = PBXFileReference; fileEncoding = 4; lastKnownFileType = sourcecode.c.h; path = globals.h; sourceTree = "<group>"; };
		11F2BBEC1834AC0500E2EF89 /* Objects.h */ = {isa = PBXFileReference; fileEncoding = 4; lastKnownFileType = sourcecode.c.h; path = Objects.h; sourceTree = "<group>"; };
		11F2BBED1834AC0500E2EF89 /* Sprites.h */ = {isa = PBXFileReference; fileEncoding = 4; lastKnownFileType = sourcecode.c.h; path = Sprites.h; sourceTree = "<group>"; };
		11F2BBEE1834AC0500E2EF89 /* Texture_Manager.h */ = {isa = PBXFileReference; fileEncoding = 4; lastKnownFileType = sourcecode.c.h; path = Texture_Manager.h; sourceTree = "<group>"; };
		11F2BBEF1834AC0500E2EF89 /* timer.cpp */ = {isa = PBXFileReference; fileEncoding = 4; lastKnownFileType = sourcecode.cpp.cpp; path = timer.cpp; sourceTree = "<group>"; };
		11F2BBF01834AC0500E2EF89 /* timer.h */ = {isa = PBXFileReference; fileEncoding = 4; lastKnownFileType = sourcecode.c.h; path = timer.h; sourceTree = "<group>"; };
/* End PBXFileReference section */

/* Begin PBXFrameworksBuildPhase section */
		111A2B9B17FC0DAE00140E70 /* Frameworks */ = {
			isa = PBXFrameworksBuildPhase;
			buildActionMask = 2147483647;
			files = (
				1130FBBF17FC10E500E90A5C /* SDL2.framework in Frameworks */,
				11B8639A1805C982003FACE7 /* SDL2_ttf.framework in Frameworks */,
				11B1AF9A1828CC40003B0EE3 /* SDL2_image.framework in Frameworks */,
			);
			runOnlyForDeploymentPostprocessing = 0;
		};
		111A2BBB17FC0DAF00140E70 /* Frameworks */ = {
			isa = PBXFrameworksBuildPhase;
			buildActionMask = 2147483647;
			files = (
			);
			runOnlyForDeploymentPostprocessing = 0;
		};
/* End PBXFrameworksBuildPhase section */

/* Begin PBXGroup section */
		111A2B9317FC0DAE00140E70 = {
			isa = PBXGroup;
			children = (
				11B8639D1805DC56003FACE7 /* apa.png */,
				11B1AF991828CC40003B0EE3 /* SDL2_image.framework */,
				11B863991805C982003FACE7 /* SDL2_ttf.framework */,
				1130FBBE17FC10E500E90A5C /* SDL2.framework */,
				111A2BA817FC0DAE00140E70 /* Apspelet */,
				111A2BA117FC0DAE00140E70 /* Frameworks */,
				111A2B9F17FC0DAE00140E70 /* Products */,
			);
			sourceTree = "<group>";
		};
		111A2B9F17FC0DAE00140E70 /* Products */ = {
			isa = PBXGroup;
			children = (
				111A2B9E17FC0DAE00140E70 /* Apspelet.app */,
				111A2BBF17FC0DAF00140E70 /* ApspeletTests.octest */,
			);
			name = Products;
			sourceTree = "<group>";
		};
		111A2BA117FC0DAE00140E70 /* Frameworks */ = {
			isa = PBXGroup;
			children = (
			);
			name = Frameworks;
			sourceTree = "<group>";
		};
		111A2BA817FC0DAE00140E70 /* Apspelet */ = {
			isa = PBXGroup;
			children = (
				11F2BBD01834AA9C00E2EF89 /* recources */,
				111A2BD617FC0F0200140E70 /* code */,
				111A2BA917FC0DAE00140E70 /* Supporting Files */,
			);
			path = Apspelet;
			sourceTree = "<group>";
		};
		111A2BA917FC0DAE00140E70 /* Supporting Files */ = {
			isa = PBXGroup;
			children = (
			);
			name = "Supporting Files";
			sourceTree = "<group>";
		};
		111A2BD617FC0F0200140E70 /* code */ = {
			isa = PBXGroup;
			children = (
				11F2BBEA1834AC0500E2EF89 /* backend */,
				11F2BBBF1834AA3D00E2EF89 /* bullets.h */,
				11F2BBC01834AA3D00E2EF89 /* enemies.cpp */,
				11F2BBC11834AA3D00E2EF89 /* enemies.h */,
				11F2BBC21834AA3D00E2EF89 /* game.cpp */,
				11F2BBC31834AA3D00E2EF89 /* game.h */,
				11F2BBC41834AA3D00E2EF89 /* level.cpp */,
				11F2BBC51834AA3D00E2EF89 /* level.h */,
				11F2BBC61834AA3D00E2EF89 /* main.cpp */,
				11F2BBC71834AA3D00E2EF89 /* player.h */,
			);
			name = code;
			sourceTree = "<group>";
		};
		11F2BBD01834AA9C00E2EF89 /* recources */ = {
			isa = PBXGroup;
			children = (
				11F2BBD11834AA9C00E2EF89 /* apa.png */,
				11F2BBD21834AA9C00E2EF89 /* bannan.png */,
				11F2BBD31834AA9C00E2EF89 /* bg.png */,
				11F2BBD41834AA9C00E2EF89 /* bullet.png */,
				11F2BBD51834AA9C00E2EF89 /* col.png */,
				11F2BBD61834AA9C00E2EF89 /* moln red.png */,
				11F2BBD71834AA9C00E2EF89 /* moln.png */,
				11F2BBD81834AA9C00E2EF89 /* OpenSans-Regular.ttf */,
				11F2BBD91834AA9C00E2EF89 /* test.lvl */,
			);
			path = recources;
			sourceTree = SOURCE_ROOT;
		};
		11F2BBEA1834AC0500E2EF89 /* backend */ = {
			isa = PBXGroup;
			children = (
				11F2BBEB1834AC0500E2EF89 /* globals.h */,
				11F2BBEC1834AC0500E2EF89 /* Objects.h */,
				11F2BBED1834AC0500E2EF89 /* Sprites.h */,
				11F2BBEE1834AC0500E2EF89 /* Texture_Manager.h */,
				11F2BBEF1834AC0500E2EF89 /* timer.cpp */,
				11F2BBF01834AC0500E2EF89 /* timer.h */,
			);
			name = backend;
			path = src/backend;
			sourceTree = SOURCE_ROOT;
		};
/* End PBXGroup section */

/* Begin PBXNativeTarget section */
		111A2B9D17FC0DAE00140E70 /* Apspelet */ = {
			isa = PBXNativeTarget;
			buildConfigurationList = 111A2BD017FC0DAF00140E70 /* Build configuration list for PBXNativeTarget "Apspelet" */;
			buildPhases = (
				111A2B9A17FC0DAE00140E70 /* Sources */,
				111A2B9B17FC0DAE00140E70 /* Frameworks */,
				111A2B9C17FC0DAE00140E70 /* Resources */,
			);
			buildRules = (
			);
			dependencies = (
			);
			name = Apspelet;
			productName = Apspelet;
			productReference = 111A2B9E17FC0DAE00140E70 /* Apspelet.app */;
			productType = "com.apple.product-type.application";
		};
		111A2BBE17FC0DAF00140E70 /* ApspeletTests */ = {
			isa = PBXNativeTarget;
			buildConfigurationList = 111A2BD317FC0DAF00140E70 /* Build configuration list for PBXNativeTarget "ApspeletTests" */;
			buildPhases = (
				111A2BBA17FC0DAF00140E70 /* Sources */,
				111A2BBB17FC0DAF00140E70 /* Frameworks */,
				111A2BBC17FC0DAF00140E70 /* Resources */,
				111A2BBD17FC0DAF00140E70 /* ShellScript */,
			);
			buildRules = (
			);
			dependencies = (
				111A2BC417FC0DAF00140E70 /* PBXTargetDependency */,
			);
			name = ApspeletTests;
			productName = ApspeletTests;
			productReference = 111A2BBF17FC0DAF00140E70 /* ApspeletTests.octest */;
			productType = "com.apple.product-type.bundle";
		};
/* End PBXNativeTarget section */

/* Begin PBXProject section */
		111A2B9517FC0DAE00140E70 /* Project object */ = {
			isa = PBXProject;
			attributes = {
				LastUpgradeCheck = 0440;
				ORGANIZATIONNAME = ab;
			};
			buildConfigurationList = 111A2B9817FC0DAE00140E70 /* Build configuration list for PBXProject "Apspelet" */;
			compatibilityVersion = "Xcode 3.2";
			developmentRegion = English;
			hasScannedForEncodings = 0;
			knownRegions = (
				en,
			);
			mainGroup = 111A2B9317FC0DAE00140E70;
			productRefGroup = 111A2B9F17FC0DAE00140E70 /* Products */;
			projectDirPath = "";
			projectRoot = "";
			targets = (
				111A2B9D17FC0DAE00140E70 /* Apspelet */,
				111A2BBE17FC0DAF00140E70 /* ApspeletTests */,
			);
		};
/* End PBXProject section */

/* Begin PBXResourcesBuildPhase section */
		111A2B9C17FC0DAE00140E70 /* Resources */ = {
			isa = PBXResourcesBuildPhase;
			buildActionMask = 2147483647;
			files = (
				11B8639E1805DC56003FACE7 /* apa.png in Resources */,
				11F2BBDA1834AA9C00E2EF89 /* apa.png in Resources */,
				11F2BBDB1834AA9C00E2EF89 /* bannan.png in Resources */,
				11F2BBDC1834AA9C00E2EF89 /* bg.png in Resources */,
				11F2BBDD1834AA9C00E2EF89 /* bullet.png in Resources */,
				11F2BBDE1834AA9C00E2EF89 /* col.png in Resources */,
				11F2BBDF1834AA9C00E2EF89 /* moln red.png in Resources */,
				11F2BBE01834AA9C00E2EF89 /* moln.png in Resources */,
				11F2BBE11834AA9C00E2EF89 /* OpenSans-Regular.ttf in Resources */,
				11F2BBE21834AA9C00E2EF89 /* test.lvl in Resources */,
			);
			runOnlyForDeploymentPostprocessing = 0;
		};
		111A2BBC17FC0DAF00140E70 /* Resources */ = {
			isa = PBXResourcesBuildPhase;
			buildActionMask = 2147483647;
			files = (
			);
			runOnlyForDeploymentPostprocessing = 0;
		};
/* End PBXResourcesBuildPhase section */

/* Begin PBXShellScriptBuildPhase section */
		111A2BBD17FC0DAF00140E70 /* ShellScript */ = {
			isa = PBXShellScriptBuildPhase;
			buildActionMask = 2147483647;
			files = (
			);
			inputPaths = (
			);
			outputPaths = (
			);
			runOnlyForDeploymentPostprocessing = 0;
			shellPath = /bin/sh;
			shellScript = "# Run the unit tests in this test bundle.\n\"${SYSTEM_DEVELOPER_DIR}/Tools/RunUnitTests\"\n";
		};
/* End PBXShellScriptBuildPhase section */

/* Begin PBXSourcesBuildPhase section */
		111A2B9A17FC0DAE00140E70 /* Sources */ = {
			isa = PBXSourcesBuildPhase;
			buildActionMask = 2147483647;
			files = (
				11F2BBC81834AA3D00E2EF89 /* enemies.cpp in Sources */,
				11F2BBC91834AA3D00E2EF89 /* game.cpp in Sources */,
				11F2BBCA1834AA3D00E2EF89 /* level.cpp in Sources */,
				11F2BBCB1834AA3D00E2EF89 /* main.cpp in Sources */,
				11F2BBF11834AC0500E2EF89 /* timer.cpp in Sources */,
			);
			runOnlyForDeploymentPostprocessing = 0;
		};
		111A2BBA17FC0DAF00140E70 /* Sources */ = {
			isa = PBXSourcesBuildPhase;
			buildActionMask = 2147483647;
			files = (
			);
			runOnlyForDeploymentPostprocessing = 0;
		};
/* End PBXSourcesBuildPhase section */

/* Begin PBXTargetDependency section */
		111A2BC417FC0DAF00140E70 /* PBXTargetDependency */ = {
			isa = PBXTargetDependency;
			target = 111A2B9D17FC0DAE00140E70 /* Apspelet */;
			targetProxy = 111A2BC317FC0DAF00140E70 /* PBXContainerItemProxy */;
		};
/* End PBXTargetDependency section */

/* Begin XCBuildConfiguration section */
		111A2BCE17FC0DAF00140E70 /* Debug */ = {
			isa = XCBuildConfiguration;
			buildSettings = {
				ALWAYS_SEARCH_USER_PATHS = NO;
				ARCHS = "$(ARCHS_STANDARD_64_BIT)";
				CLANG_CXX_LANGUAGE_STANDARD = "gnu++0x";
				CLANG_ENABLE_OBJC_ARC = YES;
				CLANG_WARN__DUPLICATE_METHOD_MATCH = YES;
				COPY_PHASE_STRIP = NO;
				GCC_C_LANGUAGE_STANDARD = gnu99;
				GCC_DYNAMIC_NO_PIC = NO;
				GCC_ENABLE_OBJC_EXCEPTIONS = YES;
				GCC_OPTIMIZATION_LEVEL = 0;
				GCC_PREPROCESSOR_DEFINITIONS = (
					"DEBUG=1",
					"$(inherited)",
				);
				GCC_SYMBOLS_PRIVATE_EXTERN = NO;
				GCC_WARN_64_TO_32_BIT_CONVERSION = YES;
				GCC_WARN_ABOUT_RETURN_TYPE = YES;
				GCC_WARN_UNINITIALIZED_AUTOS = YES;
				GCC_WARN_UNUSED_VARIABLE = YES;
				MACOSX_DEPLOYMENT_TARGET = 10.8;
				ONLY_ACTIVE_ARCH = YES;
				SDKROOT = macosx;
			};
			name = Debug;
		};
		111A2BCF17FC0DAF00140E70 /* Release */ = {
			isa = XCBuildConfiguration;
			buildSettings = {
				ALWAYS_SEARCH_USER_PATHS = NO;
				ARCHS = "$(ARCHS_STANDARD_64_BIT)";
				CLANG_CXX_LANGUAGE_STANDARD = "gnu++0x";
				CLANG_ENABLE_OBJC_ARC = YES;
				CLANG_WARN__DUPLICATE_METHOD_MATCH = YES;
				COPY_PHASE_STRIP = YES;
				DEBUG_INFORMATION_FORMAT = "dwarf-with-dsym";
				GCC_C_LANGUAGE_STANDARD = gnu99;
				GCC_ENABLE_OBJC_EXCEPTIONS = YES;
				GCC_WARN_64_TO_32_BIT_CONVERSION = YES;
				GCC_WARN_ABOUT_RETURN_TYPE = YES;
				GCC_WARN_UNINITIALIZED_AUTOS = YES;
				GCC_WARN_UNUSED_VARIABLE = YES;
				MACOSX_DEPLOYMENT_TARGET = 10.8;
				SDKROOT = macosx;
			};
			name = Release;
		};
		111A2BD117FC0DAF00140E70 /* Debug */ = {
			isa = XCBuildConfiguration;
			buildSettings = {
				COMBINE_HIDPI_IMAGES = YES;
				FRAMEWORK_SEARCH_PATHS = (
					"$(inherited)",
					/Volumes/SDL2_image,
				);
				"FRAMEWORK_SEARCH_PATHS[arch=*]" = /Library/Frameworks;
				GCC_PRECOMPILE_PREFIX_HEADER = NO;
				GCC_PREFIX_HEADER = "";
				GCC_PREPROCESSOR_DEFINITIONS = (
					"GLIBCXX_DEBUG=1",
					"GLIBCXXDEBUGPEDANTIC=1",
					"#DEBUG",
				);
				"GCC_PREPROCESSOR_DEFINITIONS[arch=*]" = "";
				"GCC_PREPROCESSOR_DEFINITIONS_NOT_USED_IN_PRECOMPS[arch=*]" = "";
				GCC_VERSION = "";
				INFOPLIST_FILE = "Apspelet/Apspelet-Info.plist";
				PRODUCT_NAME = "$(TARGET_NAME)";
				WRAPPER_EXTENSION = app;
			};
			name = Debug;
		};
		111A2BD217FC0DAF00140E70 /* Release */ = {
			isa = XCBuildConfiguration;
			buildSettings = {
				COMBINE_HIDPI_IMAGES = YES;
				FRAMEWORK_SEARCH_PATHS = (
					"$(inherited)",
					/Volumes/SDL2_image,
				);
				"FRAMEWORK_SEARCH_PATHS[arch=*]" = /Library/Frameworks;
				GCC_OPTIMIZATION_LEVEL = 3;
				GCC_PRECOMPILE_PREFIX_HEADER = NO;
				GCC_PREFIX_HEADER = "";
				GCC_PREPROCESSOR_DEFINITIONS = "";
				"GCC_PREPROCESSOR_DEFINITIONS[arch=*]" = "";
				GCC_VERSION = "";
				INFOPLIST_FILE = "Apspelet/Apspelet-Info.plist";
				PRODUCT_NAME = "$(TARGET_NAME)";
				WRAPPER_EXTENSION = app;
			};
			name = Release;
		};
		111A2BD417FC0DAF00140E70 /* Debug */ = {
			isa = XCBuildConfiguration;
			buildSettings = {
				BUNDLE_LOADER = "$(BUILT_PRODUCTS_DIR)/Apspelet.app/Contents/MacOS/Apspelet";
				COMBINE_HIDPI_IMAGES = YES;
				FRAMEWORK_SEARCH_PATHS = "\"$(DEVELOPER_LIBRARY_DIR)/Frameworks\"";
				GCC_PRECOMPILE_PREFIX_HEADER = YES;
				GCC_PREFIX_HEADER = "Apspelet/Apspelet-Prefix.pch";
				INFOPLIST_FILE = "ApspeletTests/ApspeletTests-Info.plist";
				PRODUCT_NAME = "$(TARGET_NAME)";
				TEST_HOST = "$(BUNDLE_LOADER)";
				WRAPPER_EXTENSION = octest;
			};
			name = Debug;
		};
		111A2BD517FC0DAF00140E70 /* Release */ = {
			isa = XCBuildConfiguration;
			buildSettings = {
				BUNDLE_LOADER = "$(BUILT_PRODUCTS_DIR)/Apspelet.app/Contents/MacOS/Apspelet";
				COMBINE_HIDPI_IMAGES = YES;
				FRAMEWORK_SEARCH_PATHS = "\"$(DEVELOPER_LIBRARY_DIR)/Frameworks\"";
				GCC_PRECOMPILE_PREFIX_HEADER = YES;
				GCC_PREFIX_HEADER = "Apspelet/Apspelet-Prefix.pch";
				INFOPLIST_FILE = "ApspeletTests/ApspeletTests-Info.plist";
				PRODUCT_NAME = "$(TARGET_NAME)";
				TEST_HOST = "$(BUNDLE_LOADER)";
				WRAPPER_EXTENSION = octest;
			};
			name = Release;
		};
/* End XCBuildConfiguration section */

/* Begin XCConfigurationList section */
		111A2B9817FC0DAE00140E70 /* Build configuration list for PBXProject "Apspelet" */ = {
			isa = XCConfigurationList;
			buildConfigurations = (
				111A2BCE17FC0DAF00140E70 /* Debug */,
				111A2BCF17FC0DAF00140E70 /* Release */,
			);
			defaultConfigurationIsVisible = 0;
			defaultConfigurationName = Release;
		};
		111A2BD017FC0DAF00140E70 /* Build configuration list for PBXNativeTarget "Apspelet" */ = {
			isa = XCConfigurationList;
			buildConfigurations = (
				111A2BD117FC0DAF00140E70 /* Debug */,
				111A2BD217FC0DAF00140E70 /* Release */,
			);
			defaultConfigurationIsVisible = 0;
			defaultConfigurationName = Release;
		};
		111A2BD317FC0DAF00140E70 /* Build configuration list for PBXNativeTarget "ApspeletTests" */ = {
			isa = XCConfigurationList;
			buildConfigurations = (
				111A2BD417FC0DAF00140E70 /* Debug */,
				111A2BD517FC0DAF00140E70 /* Release */,
			);
			defaultConfigurationIsVisible = 0;
			defaultConfigurationName = Release;
		};
/* End XCConfigurationList section */
	};
	rootObject = 111A2B9517FC0DAE00140E70 /* Project object */;
}
